// !$*UTF8*$!
{
	archiveVersion = 1;
	classes = {
	};
	objectVersion = 48;
	objects = {

/* Begin PBXBuildFile section */
		6A29A69A1F97EC360075F2CF /* AppDelegate.swift in Sources */ = {isa = PBXBuildFile; fileRef = 6A29A6991F97EC360075F2CF /* AppDelegate.swift */; };
		6A29A69F1F97EC360075F2CF /* Main.storyboard in Resources */ = {isa = PBXBuildFile; fileRef = 6A29A69D1F97EC360075F2CF /* Main.storyboard */; };
		6A29A6A11F97EC360075F2CF /* Assets.xcassets in Resources */ = {isa = PBXBuildFile; fileRef = 6A29A6A01F97EC360075F2CF /* Assets.xcassets */; };
		6A29A6A41F97EC360075F2CF /* LaunchScreen.storyboard in Resources */ = {isa = PBXBuildFile; fileRef = 6A29A6A21F97EC360075F2CF /* LaunchScreen.storyboard */; };
		6A29A6B51F9804550075F2CF /* CloudKit.framework in Frameworks */ = {isa = PBXBuildFile; fileRef = 6A29A6B41F9804550075F2CF /* CloudKit.framework */; };
		6A6B3EB71F9D3F3C0014D3EF /* Keys.swift in Sources */ = {isa = PBXBuildFile; fileRef = 6A6B3EB61F9D3F3C0014D3EF /* Keys.swift */; };
		6A6B3EB91F9D51310014D3EF /* User.swift in Sources */ = {isa = PBXBuildFile; fileRef = 6A6B3EB81F9D51310014D3EF /* User.swift */; };
		6A6B3EBC1F9D526D0014D3EF /* User+CloudKit.swift in Sources */ = {isa = PBXBuildFile; fileRef = 6A6B3EBB1F9D526D0014D3EF /* User+CloudKit.swift */; };
		6A6B3EBE1F9D548D0014D3EF /* CloudKitManager.swift in Sources */ = {isa = PBXBuildFile; fileRef = 6A6B3EBD1F9D548D0014D3EF /* CloudKitManager.swift */; };
		6A6B3EC01F9D57BA0014D3EF /* UserController.swift in Sources */ = {isa = PBXBuildFile; fileRef = 6A6B3EBF1F9D57BA0014D3EF /* UserController.swift */; };
		6A6B3EC21F9D6B8B0014D3EF /* Message.swift in Sources */ = {isa = PBXBuildFile; fileRef = 6A6B3EC11F9D6B8B0014D3EF /* Message.swift */; };
		6A6B3EC41F9E48BA0014D3EF /* ChatGroup.swift in Sources */ = {isa = PBXBuildFile; fileRef = 6A6B3EC31F9E48BA0014D3EF /* ChatGroup.swift */; };
		6A6B3EC61F9E65220014D3EF /* Protocols.swift in Sources */ = {isa = PBXBuildFile; fileRef = 6A6B3EC51F9E65220014D3EF /* Protocols.swift */; };
		6A6B3EC91F9EA8EF0014D3EF /* Message+CloudKit.swift in Sources */ = {isa = PBXBuildFile; fileRef = 6A6B3EC81F9EA8EF0014D3EF /* Message+CloudKit.swift */; };
		6A6B3ECB1F9EAB1A0014D3EF /* ChatGroup+CloudKit.swift in Sources */ = {isa = PBXBuildFile; fileRef = 6A6B3ECA1F9EAB1A0014D3EF /* ChatGroup+CloudKit.swift */; };
		6AD2B9B21F9FBB340056D85B /* MessageController.swift in Sources */ = {isa = PBXBuildFile; fileRef = 6AD2B9B11F9FBB340056D85B /* MessageController.swift */; };
		6AD2B9B41F9FBB3B0056D85B /* ChatGroupController.swift in Sources */ = {isa = PBXBuildFile; fileRef = 6AD2B9B31F9FBB3B0056D85B /* ChatGroupController.swift */; };
		6AD2B9B61FA0E9F60056D85B /* ChatGroupListTableViewController.swift in Sources */ = {isa = PBXBuildFile; fileRef = 6AD2B9B51FA0E9F60056D85B /* ChatGroupListTableViewController.swift */; };
		6AD2B9B81FA0ED1C0056D85B /* ChatGroupMessagesTableViewController.swift in Sources */ = {isa = PBXBuildFile; fileRef = 6AD2B9B71FA0ED1C0056D85B /* ChatGroupMessagesTableViewController.swift */; };
/* End PBXBuildFile section */

/* Begin PBXFileReference section */
		6A29A6961F97EC360075F2CF /* ITYL.app */ = {isa = PBXFileReference; explicitFileType = wrapper.application; includeInIndex = 0; path = ITYL.app; sourceTree = BUILT_PRODUCTS_DIR; };
		6A29A6991F97EC360075F2CF /* AppDelegate.swift */ = {isa = PBXFileReference; lastKnownFileType = sourcecode.swift; path = AppDelegate.swift; sourceTree = "<group>"; };
		6A29A69E1F97EC360075F2CF /* Base */ = {isa = PBXFileReference; lastKnownFileType = file.storyboard; name = Base; path = Base.lproj/Main.storyboard; sourceTree = "<group>"; };
		6A29A6A01F97EC360075F2CF /* Assets.xcassets */ = {isa = PBXFileReference; lastKnownFileType = folder.assetcatalog; path = Assets.xcassets; sourceTree = "<group>"; };
		6A29A6A31F97EC360075F2CF /* Base */ = {isa = PBXFileReference; lastKnownFileType = file.storyboard; name = Base; path = Base.lproj/LaunchScreen.storyboard; sourceTree = "<group>"; };
		6A29A6A51F97EC360075F2CF /* Info.plist */ = {isa = PBXFileReference; lastKnownFileType = text.plist.xml; path = Info.plist; sourceTree = "<group>"; };
		6A29A6B21F98044E0075F2CF /* ITYL.entitlements */ = {isa = PBXFileReference; lastKnownFileType = text.plist.entitlements; path = ITYL.entitlements; sourceTree = "<group>"; };
		6A29A6B41F9804550075F2CF /* CloudKit.framework */ = {isa = PBXFileReference; lastKnownFileType = wrapper.framework; name = CloudKit.framework; path = System/Library/Frameworks/CloudKit.framework; sourceTree = SDKROOT; };
		6A6B3EB61F9D3F3C0014D3EF /* Keys.swift */ = {isa = PBXFileReference; lastKnownFileType = sourcecode.swift; path = Keys.swift; sourceTree = "<group>"; };
		6A6B3EB81F9D51310014D3EF /* User.swift */ = {isa = PBXFileReference; lastKnownFileType = sourcecode.swift; path = User.swift; sourceTree = "<group>"; };
		6A6B3EBB1F9D526D0014D3EF /* User+CloudKit.swift */ = {isa = PBXFileReference; lastKnownFileType = sourcecode.swift; path = "User+CloudKit.swift"; sourceTree = "<group>"; };
		6A6B3EBD1F9D548D0014D3EF /* CloudKitManager.swift */ = {isa = PBXFileReference; lastKnownFileType = sourcecode.swift; path = CloudKitManager.swift; sourceTree = "<group>"; };
		6A6B3EBF1F9D57BA0014D3EF /* UserController.swift */ = {isa = PBXFileReference; lastKnownFileType = sourcecode.swift; path = UserController.swift; sourceTree = "<group>"; };
		6A6B3EC11F9D6B8B0014D3EF /* Message.swift */ = {isa = PBXFileReference; lastKnownFileType = sourcecode.swift; path = Message.swift; sourceTree = "<group>"; };
		6A6B3EC31F9E48BA0014D3EF /* ChatGroup.swift */ = {isa = PBXFileReference; lastKnownFileType = sourcecode.swift; path = ChatGroup.swift; sourceTree = "<group>"; };
		6A6B3EC51F9E65220014D3EF /* Protocols.swift */ = {isa = PBXFileReference; lastKnownFileType = sourcecode.swift; path = Protocols.swift; sourceTree = "<group>"; };
		6A6B3EC81F9EA8EF0014D3EF /* Message+CloudKit.swift */ = {isa = PBXFileReference; lastKnownFileType = sourcecode.swift; path = "Message+CloudKit.swift"; sourceTree = "<group>"; };
		6A6B3ECA1F9EAB1A0014D3EF /* ChatGroup+CloudKit.swift */ = {isa = PBXFileReference; lastKnownFileType = sourcecode.swift; path = "ChatGroup+CloudKit.swift"; sourceTree = "<group>"; };
		6AD2B9B11F9FBB340056D85B /* MessageController.swift */ = {isa = PBXFileReference; lastKnownFileType = sourcecode.swift; path = MessageController.swift; sourceTree = "<group>"; };
		6AD2B9B31F9FBB3B0056D85B /* ChatGroupController.swift */ = {isa = PBXFileReference; lastKnownFileType = sourcecode.swift; path = ChatGroupController.swift; sourceTree = "<group>"; };
		6AD2B9B51FA0E9F60056D85B /* ChatGroupListTableViewController.swift */ = {isa = PBXFileReference; lastKnownFileType = sourcecode.swift; path = ChatGroupListTableViewController.swift; sourceTree = "<group>"; };
		6AD2B9B71FA0ED1C0056D85B /* ChatGroupMessagesTableViewController.swift */ = {isa = PBXFileReference; lastKnownFileType = sourcecode.swift; path = ChatGroupMessagesTableViewController.swift; sourceTree = "<group>"; };
/* End PBXFileReference section */

/* Begin PBXFrameworksBuildPhase section */
		6A29A6931F97EC360075F2CF /* Frameworks */ = {
			isa = PBXFrameworksBuildPhase;
			buildActionMask = 2147483647;
			files = (
				6A29A6B51F9804550075F2CF /* CloudKit.framework in Frameworks */,
			);
			runOnlyForDeploymentPostprocessing = 0;
		};
/* End PBXFrameworksBuildPhase section */

/* Begin PBXGroup section */
		6A29A68D1F97EC360075F2CF = {
			isa = PBXGroup;
			children = (
				6A29A6981F97EC360075F2CF /* ITYL */,
				6A29A6971F97EC360075F2CF /* Products */,
				6A29A6B31F9804550075F2CF /* Frameworks */,
			);
			sourceTree = "<group>";
		};
		6A29A6971F97EC360075F2CF /* Products */ = {
			isa = PBXGroup;
			children = (
				6A29A6961F97EC360075F2CF /* ITYL.app */,
			);
			name = Products;
			sourceTree = "<group>";
		};
		6A29A6981F97EC360075F2CF /* ITYL */ = {
			isa = PBXGroup;
			children = (
				6A29A6B21F98044E0075F2CF /* ITYL.entitlements */,
				6A29A6B11F97EC750075F2CF /* Models */,
				6A6B3EBA1F9D52600014D3EF /* CloudKit */,
				6A29A6B01F97EC6D0075F2CF /* Model Controllers */,
				6A29A6AF1F97EC630075F2CF /* Custom Cells */,
				6A29A6AD1F97EC560075F2CF /* View Controllers */,
				6A29A6AC1F97EC500075F2CF /* Storyboards */,
				6A29A6AE1F97EC5E0075F2CF /* Helpers */,
				6A29A6AB1F97EC430075F2CF /* Resources */,
				6A29A6A51F97EC360075F2CF /* Info.plist */,
			);
			path = ITYL;
			sourceTree = "<group>";
		};
		6A29A6AB1F97EC430075F2CF /* Resources */ = {
			isa = PBXGroup;
			children = (
				6A29A6991F97EC360075F2CF /* AppDelegate.swift */,
				6A29A6A01F97EC360075F2CF /* Assets.xcassets */,
			);
			path = Resources;
			sourceTree = "<group>";
		};
		6A29A6AC1F97EC500075F2CF /* Storyboards */ = {
			isa = PBXGroup;
			children = (
				6A29A69D1F97EC360075F2CF /* Main.storyboard */,
				6A29A6A21F97EC360075F2CF /* LaunchScreen.storyboard */,
			);
			path = Storyboards;
			sourceTree = "<group>";
		};
		6A29A6AD1F97EC560075F2CF /* View Controllers */ = {
			isa = PBXGroup;
			children = (
				6AD2B9B51FA0E9F60056D85B /* ChatGroupListTableViewController.swift */,
				6AD2B9B71FA0ED1C0056D85B /* ChatGroupMessagesTableViewController.swift */,
			);
			path = "View Controllers";
			sourceTree = "<group>";
		};
		6A29A6AE1F97EC5E0075F2CF /* Helpers */ = {
			isa = PBXGroup;
			children = (
				6A6B3EC51F9E65220014D3EF /* Protocols.swift */,
				6A6B3EB61F9D3F3C0014D3EF /* Keys.swift */,
			);
			path = Helpers;
			sourceTree = "<group>";
		};
		6A29A6AF1F97EC630075F2CF /* Custom Cells */ = {
			isa = PBXGroup;
			children = (
			);
			path = "Custom Cells";
			sourceTree = "<group>";
		};
		6A29A6B01F97EC6D0075F2CF /* Model Controllers */ = {
			isa = PBXGroup;
			children = (
				6A6B3EBF1F9D57BA0014D3EF /* UserController.swift */,
				6AD2B9B11F9FBB340056D85B /* MessageController.swift */,
				6AD2B9B31F9FBB3B0056D85B /* ChatGroupController.swift */,
			);
			path = "Model Controllers";
			sourceTree = "<group>";
		};
		6A29A6B11F97EC750075F2CF /* Models */ = {
			isa = PBXGroup;
			children = (
				6A6B3EB81F9D51310014D3EF /* User.swift */,
				6A6B3EC11F9D6B8B0014D3EF /* Message.swift */,
				6A6B3EC31F9E48BA0014D3EF /* ChatGroup.swift */,
			);
			path = Models;
			sourceTree = "<group>";
		};
		6A29A6B31F9804550075F2CF /* Frameworks */ = {
			isa = PBXGroup;
			children = (
				6A29A6B41F9804550075F2CF /* CloudKit.framework */,
			);
			name = Frameworks;
			sourceTree = "<group>";
		};
		6A6B3EBA1F9D52600014D3EF /* CloudKit */ = {
			isa = PBXGroup;
			children = (
				6A6B3EBD1F9D548D0014D3EF /* CloudKitManager.swift */,
				6A6B3EBB1F9D526D0014D3EF /* User+CloudKit.swift */,
				6A6B3EC81F9EA8EF0014D3EF /* Message+CloudKit.swift */,
				6A6B3ECA1F9EAB1A0014D3EF /* ChatGroup+CloudKit.swift */,
			);
			path = CloudKit;
			sourceTree = "<group>";
		};
/* End PBXGroup section */

/* Begin PBXNativeTarget section */
		6A29A6951F97EC360075F2CF /* ITYL */ = {
			isa = PBXNativeTarget;
			buildConfigurationList = 6A29A6A81F97EC360075F2CF /* Build configuration list for PBXNativeTarget "ITYL" */;
			buildPhases = (
				6A29A6921F97EC360075F2CF /* Sources */,
				6A29A6931F97EC360075F2CF /* Frameworks */,
				6A29A6941F97EC360075F2CF /* Resources */,
			);
			buildRules = (
			);
			dependencies = (
			);
			name = ITYL;
			productName = ITYL;
			productReference = 6A29A6961F97EC360075F2CF /* ITYL.app */;
			productType = "com.apple.product-type.application";
		};
/* End PBXNativeTarget section */

/* Begin PBXProject section */
		6A29A68E1F97EC360075F2CF /* Project object */ = {
			isa = PBXProject;
			attributes = {
				LastSwiftUpdateCheck = 0900;
				LastUpgradeCheck = 0900;
				ORGANIZATIONNAME = "Daniel Jin";
				TargetAttributes = {
					6A29A6951F97EC360075F2CF = {
						CreatedOnToolsVersion = 9.0.1;
						ProvisioningStyle = Automatic;
						SystemCapabilities = {
							com.apple.Push = {
								enabled = 1;
							};
							com.apple.iCloud = {
								enabled = 1;
							};
						};
					};
				};
			};
			buildConfigurationList = 6A29A6911F97EC360075F2CF /* Build configuration list for PBXProject "ITYL" */;
			compatibilityVersion = "Xcode 8.0";
			developmentRegion = en;
			hasScannedForEncodings = 0;
			knownRegions = (
				en,
				Base,
			);
			mainGroup = 6A29A68D1F97EC360075F2CF;
			productRefGroup = 6A29A6971F97EC360075F2CF /* Products */;
			projectDirPath = "";
			projectRoot = "";
			targets = (
				6A29A6951F97EC360075F2CF /* ITYL */,
			);
		};
/* End PBXProject section */

/* Begin PBXResourcesBuildPhase section */
		6A29A6941F97EC360075F2CF /* Resources */ = {
			isa = PBXResourcesBuildPhase;
			buildActionMask = 2147483647;
			files = (
				6A29A6A41F97EC360075F2CF /* LaunchScreen.storyboard in Resources */,
				6A29A6A11F97EC360075F2CF /* Assets.xcassets in Resources */,
				6A29A69F1F97EC360075F2CF /* Main.storyboard in Resources */,
			);
			runOnlyForDeploymentPostprocessing = 0;
		};
/* End PBXResourcesBuildPhase section */

/* Begin PBXSourcesBuildPhase section */
		6A29A6921F97EC360075F2CF /* Sources */ = {
			isa = PBXSourcesBuildPhase;
			buildActionMask = 2147483647;
			files = (
				6A6B3EC01F9D57BA0014D3EF /* UserController.swift in Sources */,
				6AD2B9B41F9FBB3B0056D85B /* ChatGroupController.swift in Sources */,
				6A29A69A1F97EC360075F2CF /* AppDelegate.swift in Sources */,
				6AD2B9B61FA0E9F60056D85B /* ChatGroupListTableViewController.swift in Sources */,
				6A6B3EB71F9D3F3C0014D3EF /* Keys.swift in Sources */,
				6A6B3EC61F9E65220014D3EF /* Protocols.swift in Sources */,
				6A6B3EB91F9D51310014D3EF /* User.swift in Sources */,
				6A6B3EBC1F9D526D0014D3EF /* User+CloudKit.swift in Sources */,
				6AD2B9B81FA0ED1C0056D85B /* ChatGroupMessagesTableViewController.swift in Sources */,
				6A6B3ECB1F9EAB1A0014D3EF /* ChatGroup+CloudKit.swift in Sources */,
				6AD2B9B21F9FBB340056D85B /* MessageController.swift in Sources */,
				6A6B3EC91F9EA8EF0014D3EF /* Message+CloudKit.swift in Sources */,
				6A6B3EBE1F9D548D0014D3EF /* CloudKitManager.swift in Sources */,
				6A6B3EC21F9D6B8B0014D3EF /* Message.swift in Sources */,
				6A6B3EC41F9E48BA0014D3EF /* ChatGroup.swift in Sources */,
			);
			runOnlyForDeploymentPostprocessing = 0;
		};
/* End PBXSourcesBuildPhase section */

/* Begin PBXVariantGroup section */
		6A29A69D1F97EC360075F2CF /* Main.storyboard */ = {
			isa = PBXVariantGroup;
			children = (
				6A29A69E1F97EC360075F2CF /* Base */,
			);
			name = Main.storyboard;
			sourceTree = "<group>";
		};
		6A29A6A21F97EC360075F2CF /* LaunchScreen.storyboard */ = {
			isa = PBXVariantGroup;
			children = (
				6A29A6A31F97EC360075F2CF /* Base */,
			);
			name = LaunchScreen.storyboard;
			sourceTree = "<group>";
		};
/* End PBXVariantGroup section */

/* Begin XCBuildConfiguration section */
		6A29A6A61F97EC360075F2CF /* Debug */ = {
			isa = XCBuildConfiguration;
			buildSettings = {
				ALWAYS_SEARCH_USER_PATHS = NO;
				CLANG_ANALYZER_NONNULL = YES;
				CLANG_ANALYZER_NUMBER_OBJECT_CONVERSION = YES_AGGRESSIVE;
				CLANG_CXX_LANGUAGE_STANDARD = "gnu++14";
				CLANG_CXX_LIBRARY = "libc++";
				CLANG_ENABLE_MODULES = YES;
				CLANG_ENABLE_OBJC_ARC = YES;
				CLANG_WARN_BLOCK_CAPTURE_AUTORELEASING = YES;
				CLANG_WARN_BOOL_CONVERSION = YES;
				CLANG_WARN_COMMA = YES;
				CLANG_WARN_CONSTANT_CONVERSION = YES;
				CLANG_WARN_DIRECT_OBJC_ISA_USAGE = YES_ERROR;
				CLANG_WARN_DOCUMENTATION_COMMENTS = YES;
				CLANG_WARN_EMPTY_BODY = YES;
				CLANG_WARN_ENUM_CONVERSION = YES;
				CLANG_WARN_INFINITE_RECURSION = YES;
				CLANG_WARN_INT_CONVERSION = YES;
				CLANG_WARN_NON_LITERAL_NULL_CONVERSION = YES;
				CLANG_WARN_OBJC_LITERAL_CONVERSION = YES;
				CLANG_WARN_OBJC_ROOT_CLASS = YES_ERROR;
				CLANG_WARN_RANGE_LOOP_ANALYSIS = YES;
				CLANG_WARN_STRICT_PROTOTYPES = YES;
				CLANG_WARN_SUSPICIOUS_MOVE = YES;
				CLANG_WARN_UNGUARDED_AVAILABILITY = YES_AGGRESSIVE;
				CLANG_WARN_UNREACHABLE_CODE = YES;
				CLANG_WARN__DUPLICATE_METHOD_MATCH = YES;
				CODE_SIGN_IDENTITY = "iPhone Developer";
				COPY_PHASE_STRIP = NO;
				DEBUG_INFORMATION_FORMAT = dwarf;
				ENABLE_STRICT_OBJC_MSGSEND = YES;
				ENABLE_TESTABILITY = YES;
				GCC_C_LANGUAGE_STANDARD = gnu11;
				GCC_DYNAMIC_NO_PIC = NO;
				GCC_NO_COMMON_BLOCKS = YES;
				GCC_OPTIMIZATION_LEVEL = 0;
				GCC_PREPROCESSOR_DEFINITIONS = (
					"DEBUG=1",
					"$(inherited)",
				);
				GCC_WARN_64_TO_32_BIT_CONVERSION = YES;
				GCC_WARN_ABOUT_RETURN_TYPE = YES_ERROR;
				GCC_WARN_UNDECLARED_SELECTOR = YES;
				GCC_WARN_UNINITIALIZED_AUTOS = YES_AGGRESSIVE;
				GCC_WARN_UNUSED_FUNCTION = YES;
				GCC_WARN_UNUSED_VARIABLE = YES;
				IPHONEOS_DEPLOYMENT_TARGET = 11.0;
				MTL_ENABLE_DEBUG_INFO = YES;
				ONLY_ACTIVE_ARCH = YES;
				SDKROOT = iphoneos;
				SWIFT_ACTIVE_COMPILATION_CONDITIONS = DEBUG;
				SWIFT_OPTIMIZATION_LEVEL = "-Onone";
			};
			name = Debug;
		};
		6A29A6A71F97EC360075F2CF /* Release */ = {
			isa = XCBuildConfiguration;
			buildSettings = {
				ALWAYS_SEARCH_USER_PATHS = NO;
				CLANG_ANALYZER_NONNULL = YES;
				CLANG_ANALYZER_NUMBER_OBJECT_CONVERSION = YES_AGGRESSIVE;
				CLANG_CXX_LANGUAGE_STANDARD = "gnu++14";
				CLANG_CXX_LIBRARY = "libc++";
				CLANG_ENABLE_MODULES = YES;
				CLANG_ENABLE_OBJC_ARC = YES;
				CLANG_WARN_BLOCK_CAPTURE_AUTORELEASING = YES;
				CLANG_WARN_BOOL_CONVERSION = YES;
				CLANG_WARN_COMMA = YES;
				CLANG_WARN_CONSTANT_CONVERSION = YES;
				CLANG_WARN_DIRECT_OBJC_ISA_USAGE = YES_ERROR;
				CLANG_WARN_DOCUMENTATION_COMMENTS = YES;
				CLANG_WARN_EMPTY_BODY = YES;
				CLANG_WARN_ENUM_CONVERSION = YES;
				CLANG_WARN_INFINITE_RECURSION = YES;
				CLANG_WARN_INT_CONVERSION = YES;
				CLANG_WARN_NON_LITERAL_NULL_CONVERSION = YES;
				CLANG_WARN_OBJC_LITERAL_CONVERSION = YES;
				CLANG_WARN_OBJC_ROOT_CLASS = YES_ERROR;
				CLANG_WARN_RANGE_LOOP_ANALYSIS = YES;
				CLANG_WARN_STRICT_PROTOTYPES = YES;
				CLANG_WARN_SUSPICIOUS_MOVE = YES;
				CLANG_WARN_UNGUARDED_AVAILABILITY = YES_AGGRESSIVE;
				CLANG_WARN_UNREACHABLE_CODE = YES;
				CLANG_WARN__DUPLICATE_METHOD_MATCH = YES;
				CODE_SIGN_IDENTITY = "iPhone Developer";
				COPY_PHASE_STRIP = NO;
				DEBUG_INFORMATION_FORMAT = "dwarf-with-dsym";
				ENABLE_NS_ASSERTIONS = NO;
				ENABLE_STRICT_OBJC_MSGSEND = YES;
				GCC_C_LANGUAGE_STANDARD = gnu11;
				GCC_NO_COMMON_BLOCKS = YES;
				GCC_WARN_64_TO_32_BIT_CONVERSION = YES;
				GCC_WARN_ABOUT_RETURN_TYPE = YES_ERROR;
				GCC_WARN_UNDECLARED_SELECTOR = YES;
				GCC_WARN_UNINITIALIZED_AUTOS = YES_AGGRESSIVE;
				GCC_WARN_UNUSED_FUNCTION = YES;
				GCC_WARN_UNUSED_VARIABLE = YES;
				IPHONEOS_DEPLOYMENT_TARGET = 11.0;
				MTL_ENABLE_DEBUG_INFO = NO;
				SDKROOT = iphoneos;
				SWIFT_OPTIMIZATION_LEVEL = "-Owholemodule";
				VALIDATE_PRODUCT = YES;
			};
			name = Release;
		};
		6A29A6A91F97EC360075F2CF /* Debug */ = {
			isa = XCBuildConfiguration;
			buildSettings = {
				ASSETCATALOG_COMPILER_APPICON_NAME = AppIcon;
				CODE_SIGN_ENTITLEMENTS = ITYL/ITYL.entitlements;
				CODE_SIGN_STYLE = Automatic;
				DEVELOPMENT_TEAM = Q2LRP9G435;
				INFOPLIST_FILE = ITYL/Info.plist;
				LD_RUNPATH_SEARCH_PATHS = "$(inherited) @executable_path/Frameworks";
				PRODUCT_BUNDLE_IDENTIFIER = com.DanielJin.ITYL;
				PRODUCT_NAME = "$(TARGET_NAME)";
				SWIFT_VERSION = 4.0;
				TARGETED_DEVICE_FAMILY = "1,2";
			};
			name = Debug;
		};
		6A29A6AA1F97EC360075F2CF /* Release */ = {
			isa = XCBuildConfiguration;
			buildSettings = {
				ASSETCATALOG_COMPILER_APPICON_NAME = AppIcon;
				CODE_SIGN_ENTITLEMENTS = ITYL/ITYL.entitlements;
				CODE_SIGN_STYLE = Automatic;
				DEVELOPMENT_TEAM = Q2LRP9G435;
				INFOPLIST_FILE = ITYL/Info.plist;
				LD_RUNPATH_SEARCH_PATHS = "$(inherited) @executable_path/Frameworks";
				PRODUCT_BUNDLE_IDENTIFIER = com.DanielJin.ITYL;
				PRODUCT_NAME = "$(TARGET_NAME)";
				SWIFT_VERSION = 4.0;
				TARGETED_DEVICE_FAMILY = "1,2";
			};
			name = Release;
		};
/* End XCBuildConfiguration section */

/* Begin XCConfigurationList section */
		6A29A6911F97EC360075F2CF /* Build configuration list for PBXProject "ITYL" */ = {
			isa = XCConfigurationList;
			buildConfigurations = (
				6A29A6A61F97EC360075F2CF /* Debug */,
				6A29A6A71F97EC360075F2CF /* Release */,
			);
			defaultConfigurationIsVisible = 0;
			defaultConfigurationName = Release;
		};
		6A29A6A81F97EC360075F2CF /* Build configuration list for PBXNativeTarget "ITYL" */ = {
			isa = XCConfigurationList;
			buildConfigurations = (
				6A29A6A91F97EC360075F2CF /* Debug */,
				6A29A6AA1F97EC360075F2CF /* Release */,
			);
			defaultConfigurationIsVisible = 0;
			defaultConfigurationName = Release;
		};
/* End XCConfigurationList section */
	};
	rootObject = 6A29A68E1F97EC360075F2CF /* Project object */;
}
